
Microsoft Visual Studio Solution File, Format Version 12.00
# Visual Studio Version 17
VisualStudioVersion = 17.11.35312.102
MinimumVisualStudioVersion = 10.0.40219.1
Project("{FAE04EC0-301F-11D3-BF4B-00C04F79EFBC}") = "EMS.API", "EMS.API.csproj", "{02BF2847-AF74-4DBD-A1EC-BA3933591159}"
EndProject
Global
	GlobalSection(SolutionConfigurationPlatforms) = preSolution
		Debug|Any CPU = Debug|Any CPU
		Release|Any CPU = Release|Any CPU
	EndGlobalSection
	GlobalSection(ProjectConfigurationPlatforms) = postSolution
		{02BF2847-AF74-4DBD-A1EC-BA3933591159}.Debug|Any CPU.ActiveCfg = Debug|Any CPU
		{02BF2847-AF74-4DBD-A1EC-BA3933591159}.Debug|Any CPU.Build.0 = Debug|Any CPU
		{02BF2847-AF74-4DBD-A1EC-BA3933591159}.Release|Any CPU.ActiveCfg = Release|Any CPU
		{02BF2847-AF74-4DBD-A1EC-BA3933591159}.Release|Any CPU.Build.0 = Release|Any CPU
	EndGlobalSection
	GlobalSection(SolutionProperties) = preSolution
		HideSolutionNode = FALSE
	EndGlobalSection
	GlobalSection(ExtensibilityGlobals) = postSolution
		SolutionGuid = {A9057383-D256-4041-BFAD-19D29AB75504}
	EndGlobalSection
EndGlobal
